
Microsoft Visual Studio Solution File, Format Version 12.00
# Visual Studio Version 17
VisualStudioVersion = 17.0.31903.59
MinimumVisualStudioVersion = 10.0.40219.1
Project("{FAE04EC0-301F-11D3-BF4B-00C04F79EFBC}") = "MUD", "MUD\MUD.csproj", "{346AE30D-2A7B-4AF8-AD4D-A1F13EA7514D}"
EndProject
Project("{FAE04EC0-301F-11D3-BF4B-00C04F79EFBC}") = "MUD.Tests", "MUD.Tests\MUD.Tests.csproj", "{B984CB61-A143-4160-8AE3-387A71B2F73F}"
EndProject
Global
	GlobalSection(SolutionConfigurationPlatforms) = preSolution
		Debug|Any CPU = Debug|Any CPU
		Debug|x64 = Debug|x64
		Debug|x86 = Debug|x86
		Release|Any CPU = Release|Any CPU
		Release|x64 = Release|x64
		Release|x86 = Release|x86
	EndGlobalSection
	GlobalSection(ProjectConfigurationPlatforms) = postSolution
		{346AE30D-2A7B-4AF8-AD4D-A1F13EA7514D}.Debug|Any CPU.ActiveCfg = Debug|Any CPU
		{346AE30D-2A7B-4AF8-AD4D-A1F13EA7514D}.Debug|Any CPU.Build.0 = Debug|Any CPU
		{346AE30D-2A7B-4AF8-AD4D-A1F13EA7514D}.Debug|x64.ActiveCfg = Debug|Any CPU
		{346AE30D-2A7B-4AF8-AD4D-A1F13EA7514D}.Debug|x64.Build.0 = Debug|Any CPU
		{346AE30D-2A7B-4AF8-AD4D-A1F13EA7514D}.Debug|x86.ActiveCfg = Debug|Any CPU
		{346AE30D-2A7B-4AF8-AD4D-A1F13EA7514D}.Debug|x86.Build.0 = Debug|Any CPU
		{346AE30D-2A7B-4AF8-AD4D-A1F13EA7514D}.Release|Any CPU.ActiveCfg = Release|Any CPU
		{346AE30D-2A7B-4AF8-AD4D-A1F13EA7514D}.Release|Any CPU.Build.0 = Release|Any CPU
		{346AE30D-2A7B-4AF8-AD4D-A1F13EA7514D}.Release|x64.ActiveCfg = Release|Any CPU
		{346AE30D-2A7B-4AF8-AD4D-A1F13EA7514D}.Release|x64.Build.0 = Release|Any CPU
		{346AE30D-2A7B-4AF8-AD4D-A1F13EA7514D}.Release|x86.ActiveCfg = Release|Any CPU
		{346AE30D-2A7B-4AF8-AD4D-A1F13EA7514D}.Release|x86.Build.0 = Release|Any CPU
		{B984CB61-A143-4160-8AE3-387A71B2F73F}.Debug|Any CPU.ActiveCfg = Debug|Any CPU
		{B984CB61-A143-4160-8AE3-387A71B2F73F}.Debug|Any CPU.Build.0 = Debug|Any CPU
		{B984CB61-A143-4160-8AE3-387A71B2F73F}.Debug|x64.ActiveCfg = Debug|Any CPU
		{B984CB61-A143-4160-8AE3-387A71B2F73F}.Debug|x64.Build.0 = Debug|Any CPU
		{B984CB61-A143-4160-8AE3-387A71B2F73F}.Debug|x86.ActiveCfg = Debug|Any CPU
		{B984CB61-A143-4160-8AE3-387A71B2F73F}.Debug|x86.Build.0 = Debug|Any CPU
		{B984CB61-A143-4160-8AE3-387A71B2F73F}.Release|Any CPU.ActiveCfg = Release|Any CPU
		{B984CB61-A143-4160-8AE3-387A71B2F73F}.Release|Any CPU.Build.0 = Release|Any CPU
		{B984CB61-A143-4160-8AE3-387A71B2F73F}.Release|x64.ActiveCfg = Release|Any CPU
		{B984CB61-A143-4160-8AE3-387A71B2F73F}.Release|x64.Build.0 = Release|Any CPU
		{B984CB61-A143-4160-8AE3-387A71B2F73F}.Release|x86.ActiveCfg = Release|Any CPU
		{B984CB61-A143-4160-8AE3-387A71B2F73F}.Release|x86.Build.0 = Release|Any CPU
	EndGlobalSection
	GlobalSection(SolutionProperties) = preSolution
		HideSolutionNode = FALSE
	EndGlobalSection
EndGlobal
